
Microsoft Visual Studio Solution File, Format Version 12.00
# Visual Studio Version 17
VisualStudioVersion = 17.5.33530.505
MinimumVisualStudioVersion = 10.0.40219.1
Project("{FAE04EC0-301F-11D3-BF4B-00C04F79EFBC}") = "Primeiro", "Primeiro\Primeiro.csproj", "{4C061D07-10D0-48E8-AE17-FBE3CA251C8A}"
EndProject
Global
	GlobalSection(SolutionConfigurationPlatforms) = preSolution
		Debug|Any CPU = Debug|Any CPU
		Release|Any CPU = Release|Any CPU
	EndGlobalSection
	GlobalSection(ProjectConfigurationPlatforms) = postSolution
		{4C061D07-10D0-48E8-AE17-FBE3CA251C8A}.Debug|Any CPU.ActiveCfg = Debug|Any CPU
		{4C061D07-10D0-48E8-AE17-FBE3CA251C8A}.Debug|Any CPU.Build.0 = Debug|Any CPU
		{4C061D07-10D0-48E8-AE17-FBE3CA251C8A}.Release|Any CPU.ActiveCfg = Release|Any CPU
		{4C061D07-10D0-48E8-AE17-FBE3CA251C8A}.Release|Any CPU.Build.0 = Release|Any CPU
	EndGlobalSection
	GlobalSection(SolutionProperties) = preSolution
		HideSolutionNode = FALSE
	EndGlobalSection
	GlobalSection(ExtensibilityGlobals) = postSolution
		SolutionGuid = {F10B5769-6190-47E1-B19B-F8D3ACDEC6E7}
	EndGlobalSection
EndGlobal
