
Microsoft Visual Studio Solution File, Format Version 12.00
# Visual Studio Version 17
VisualStudioVersion = 17.5.33530.505
MinimumVisualStudioVersion = 10.0.40219.1
Project("{FAE04EC0-301F-11D3-BF4B-00C04F79EFBC}") = "Operadores", "Operadores\Operadores.csproj", "{22D7143F-A9C1-48EC-A2E8-DBBC18AB4045}"
EndProject
Global
	GlobalSection(SolutionConfigurationPlatforms) = preSolution
		Debug|Any CPU = Debug|Any CPU
		Release|Any CPU = Release|Any CPU
	EndGlobalSection
	GlobalSection(ProjectConfigurationPlatforms) = postSolution
		{22D7143F-A9C1-48EC-A2E8-DBBC18AB4045}.Debug|Any CPU.ActiveCfg = Debug|Any CPU
		{22D7143F-A9C1-48EC-A2E8-DBBC18AB4045}.Debug|Any CPU.Build.0 = Debug|Any CPU
		{22D7143F-A9C1-48EC-A2E8-DBBC18AB4045}.Release|Any CPU.ActiveCfg = Release|Any CPU
		{22D7143F-A9C1-48EC-A2E8-DBBC18AB4045}.Release|Any CPU.Build.0 = Release|Any CPU
	EndGlobalSection
	GlobalSection(SolutionProperties) = preSolution
		HideSolutionNode = FALSE
	EndGlobalSection
	GlobalSection(ExtensibilityGlobals) = postSolution
		SolutionGuid = {A2D19ACD-267C-485C-82E7-C8B13E723425}
	EndGlobalSection
EndGlobal
