
Microsoft Visual Studio Solution File, Format Version 12.00
# Visual Studio Version 17
VisualStudioVersion = 17.5.33530.505
MinimumVisualStudioVersion = 10.0.40219.1
Project("{FAE04EC0-301F-11D3-BF4B-00C04F79EFBC}") = "CalcularIMC", "CalcularIMC\CalcularIMC.csproj", "{5B1993BB-AE91-4B42-9B45-0C504D7310E4}"
EndProject
Global
	GlobalSection(SolutionConfigurationPlatforms) = preSolution
		Debug|Any CPU = Debug|Any CPU
		Release|Any CPU = Release|Any CPU
	EndGlobalSection
	GlobalSection(ProjectConfigurationPlatforms) = postSolution
		{5B1993BB-AE91-4B42-9B45-0C504D7310E4}.Debug|Any CPU.ActiveCfg = Debug|Any CPU
		{5B1993BB-AE91-4B42-9B45-0C504D7310E4}.Debug|Any CPU.Build.0 = Debug|Any CPU
		{5B1993BB-AE91-4B42-9B45-0C504D7310E4}.Release|Any CPU.ActiveCfg = Release|Any CPU
		{5B1993BB-AE91-4B42-9B45-0C504D7310E4}.Release|Any CPU.Build.0 = Release|Any CPU
	EndGlobalSection
	GlobalSection(SolutionProperties) = preSolution
		HideSolutionNode = FALSE
	EndGlobalSection
	GlobalSection(ExtensibilityGlobals) = postSolution
		SolutionGuid = {579F61B4-C24D-47E3-9A94-3AD048B92B92}
	EndGlobalSection
EndGlobal
